
Microsoft Visual Studio Solution File, Format Version 12.00
# Visual Studio 2017
Project("{FAE04EC0-301F-11D3-BF4B-00C04F79EFBC}") = "VRHackathon.Plugins", "VRHackathon.Plugins.csproj", "{92C45909-3B3B-4C9A-DC11-4D358AF0F5C1}"
EndProject
Project("{FAE04EC0-301F-11D3-BF4B-00C04F79EFBC}") = "VRHackathon", "VRHackathon.csproj", "{B2A2ADAB-2007-1092-1DBA-8EF4446A48AB}"
EndProject
Project("{FAE04EC0-301F-11D3-BF4B-00C04F79EFBC}") = "VRHackathon.Editor", "VRHackathon.Editor.csproj", "{110F6F8B-0555-31C3-DC0B-5F62EEFF2D58}"
EndProject
Global
	GlobalSection(SolutionConfigurationPlatforms) = preSolution
		Debug|Any CPU = Debug|Any CPU
		Release|Any CPU = Release|Any CPU
	EndGlobalSection
	GlobalSection(ProjectConfigurationPlatforms) = postSolution
		{92C45909-3B3B-4C9A-DC11-4D358AF0F5C1}.Debug|Any CPU.ActiveCfg = Debug|Any CPU
		{92C45909-3B3B-4C9A-DC11-4D358AF0F5C1}.Debug|Any CPU.Build.0 = Debug|Any CPU
		{92C45909-3B3B-4C9A-DC11-4D358AF0F5C1}.Release|Any CPU.ActiveCfg = Release|Any CPU
		{92C45909-3B3B-4C9A-DC11-4D358AF0F5C1}.Release|Any CPU.Build.0 = Release|Any CPU
		{B2A2ADAB-2007-1092-1DBA-8EF4446A48AB}.Debug|Any CPU.ActiveCfg = Debug|Any CPU
		{B2A2ADAB-2007-1092-1DBA-8EF4446A48AB}.Debug|Any CPU.Build.0 = Debug|Any CPU
		{B2A2ADAB-2007-1092-1DBA-8EF4446A48AB}.Release|Any CPU.ActiveCfg = Release|Any CPU
		{B2A2ADAB-2007-1092-1DBA-8EF4446A48AB}.Release|Any CPU.Build.0 = Release|Any CPU
		{110F6F8B-0555-31C3-DC0B-5F62EEFF2D58}.Debug|Any CPU.ActiveCfg = Debug|Any CPU
		{110F6F8B-0555-31C3-DC0B-5F62EEFF2D58}.Debug|Any CPU.Build.0 = Debug|Any CPU
		{110F6F8B-0555-31C3-DC0B-5F62EEFF2D58}.Release|Any CPU.ActiveCfg = Release|Any CPU
		{110F6F8B-0555-31C3-DC0B-5F62EEFF2D58}.Release|Any CPU.Build.0 = Release|Any CPU
	EndGlobalSection
	GlobalSection(SolutionProperties) = preSolution
		HideSolutionNode = FALSE
	EndGlobalSection
EndGlobal
